// !$*UTF8*$!
{
	archiveVersion = 1;
	classes = {
	};
	objectVersion = 56;
	objects = {

/* Begin PBXBuildFile section */
		929C5DBC2A83848400C60623 /* AppDelegate.swift in Sources */ = {isa = PBXBuildFile; fileRef = 929C5DBB2A83848400C60623 /* AppDelegate.swift */; };
		929C5DBE2A83848400C60623 /* SceneDelegate.swift in Sources */ = {isa = PBXBuildFile; fileRef = 929C5DBD2A83848400C60623 /* SceneDelegate.swift */; };
		929C5DC02A83848400C60623 /* ViewController.swift in Sources */ = {isa = PBXBuildFile; fileRef = 929C5DBF2A83848400C60623 /* ViewController.swift */; };
		929C5DC32A83848400C60623 /* Main.storyboard in Resources */ = {isa = PBXBuildFile; fileRef = 929C5DC12A83848400C60623 /* Main.storyboard */; };
		929C5DC52A83848800C60623 /* Assets.xcassets in Resources */ = {isa = PBXBuildFile; fileRef = 929C5DC42A83848800C60623 /* Assets.xcassets */; };
		929C5DC82A83848800C60623 /* LaunchScreen.storyboard in Resources */ = {isa = PBXBuildFile; fileRef = 929C5DC62A83848800C60623 /* LaunchScreen.storyboard */; };
		929C5DD32A83848800C60623 /* AlmofireTests.swift in Sources */ = {isa = PBXBuildFile; fileRef = 929C5DD22A83848800C60623 /* AlmofireTests.swift */; };
		929C5DDD2A83848800C60623 /* AlmofireUITests.swift in Sources */ = {isa = PBXBuildFile; fileRef = 929C5DDC2A83848800C60623 /* AlmofireUITests.swift */; };
		929C5DDF2A83848800C60623 /* AlmofireUITestsLaunchTests.swift in Sources */ = {isa = PBXBuildFile; fileRef = 929C5DDE2A83848800C60623 /* AlmofireUITestsLaunchTests.swift */; };
/* End PBXBuildFile section */

/* Begin PBXContainerItemProxy section */
		929C5DCF2A83848800C60623 /* PBXContainerItemProxy */ = {
			isa = PBXContainerItemProxy;
			containerPortal = 929C5DB02A83848400C60623 /* Project object */;
			proxyType = 1;
			remoteGlobalIDString = 929C5DB72A83848400C60623;
			remoteInfo = Almofire;
		};
		929C5DD92A83848800C60623 /* PBXContainerItemProxy */ = {
			isa = PBXContainerItemProxy;
			containerPortal = 929C5DB02A83848400C60623 /* Project object */;
			proxyType = 1;
			remoteGlobalIDString = 929C5DB72A83848400C60623;
			remoteInfo = Almofire;
		};
/* End PBXContainerItemProxy section */

/* Begin PBXFileReference section */
		929C5DB82A83848400C60623 /* Almofire.app */ = {isa = PBXFileReference; explicitFileType = wrapper.application; includeInIndex = 0; path = Almofire.app; sourceTree = BUILT_PRODUCTS_DIR; };
		929C5DBB2A83848400C60623 /* AppDelegate.swift */ = {isa = PBXFileReference; lastKnownFileType = sourcecode.swift; path = AppDelegate.swift; sourceTree = "<group>"; };
		929C5DBD2A83848400C60623 /* SceneDelegate.swift */ = {isa = PBXFileReference; lastKnownFileType = sourcecode.swift; path = SceneDelegate.swift; sourceTree = "<group>"; };
		929C5DBF2A83848400C60623 /* ViewController.swift */ = {isa = PBXFileReference; lastKnownFileType = sourcecode.swift; path = ViewController.swift; sourceTree = "<group>"; };
		929C5DC22A83848400C60623 /* Base */ = {isa = PBXFileReference; lastKnownFileType = file.storyboard; name = Base; path = Base.lproj/Main.storyboard; sourceTree = "<group>"; };
		929C5DC42A83848800C60623 /* Assets.xcassets */ = {isa = PBXFileReference; lastKnownFileType = folder.assetcatalog; path = Assets.xcassets; sourceTree = "<group>"; };
		929C5DC72A83848800C60623 /* Base */ = {isa = PBXFileReference; lastKnownFileType = file.storyboard; name = Base; path = Base.lproj/LaunchScreen.storyboard; sourceTree = "<group>"; };
		929C5DC92A83848800C60623 /* Info.plist */ = {isa = PBXFileReference; lastKnownFileType = text.plist.xml; path = Info.plist; sourceTree = "<group>"; };
		929C5DCE2A83848800C60623 /* AlmofireTests.xctest */ = {isa = PBXFileReference; explicitFileType = wrapper.cfbundle; includeInIndex = 0; path = AlmofireTests.xctest; sourceTree = BUILT_PRODUCTS_DIR; };
		929C5DD22A83848800C60623 /* AlmofireTests.swift */ = {isa = PBXFileReference; lastKnownFileType = sourcecode.swift; path = AlmofireTests.swift; sourceTree = "<group>"; };
		929C5DD82A83848800C60623 /* AlmofireUITests.xctest */ = {isa = PBXFileReference; explicitFileType = wrapper.cfbundle; includeInIndex = 0; path = AlmofireUITests.xctest; sourceTree = BUILT_PRODUCTS_DIR; };
		929C5DDC2A83848800C60623 /* AlmofireUITests.swift */ = {isa = PBXFileReference; lastKnownFileType = sourcecode.swift; path = AlmofireUITests.swift; sourceTree = "<group>"; };
		929C5DDE2A83848800C60623 /* AlmofireUITestsLaunchTests.swift */ = {isa = PBXFileReference; lastKnownFileType = sourcecode.swift; path = AlmofireUITestsLaunchTests.swift; sourceTree = "<group>"; };
/* End PBXFileReference section */

/* Begin PBXFrameworksBuildPhase section */
		929C5DB52A83848400C60623 /* Frameworks */ = {
			isa = PBXFrameworksBuildPhase;
			buildActionMask = 2147483647;
			files = (
			);
			runOnlyForDeploymentPostprocessing = 0;
		};
		929C5DCB2A83848800C60623 /* Frameworks */ = {
			isa = PBXFrameworksBuildPhase;
			buildActionMask = 2147483647;
			files = (
			);
			runOnlyForDeploymentPostprocessing = 0;
		};
		929C5DD52A83848800C60623 /* Frameworks */ = {
			isa = PBXFrameworksBuildPhase;
			buildActionMask = 2147483647;
			files = (
			);
			runOnlyForDeploymentPostprocessing = 0;
		};
/* End PBXFrameworksBuildPhase section */

/* Begin PBXGroup section */
		929C5DAF2A83848400C60623 = {
			isa = PBXGroup;
			children = (
				929C5DBA2A83848400C60623 /* Almofire */,
				929C5DD12A83848800C60623 /* AlmofireTests */,
				929C5DDB2A83848800C60623 /* AlmofireUITests */,
				929C5DB92A83848400C60623 /* Products */,
			);
			sourceTree = "<group>";
		};
		929C5DB92A83848400C60623 /* Products */ = {
			isa = PBXGroup;
			children = (
				929C5DB82A83848400C60623 /* Almofire.app */,
				929C5DCE2A83848800C60623 /* AlmofireTests.xctest */,
				929C5DD82A83848800C60623 /* AlmofireUITests.xctest */,
			);
			name = Products;
			sourceTree = "<group>";
		};
		929C5DBA2A83848400C60623 /* Almofire */ = {
			isa = PBXGroup;
			children = (
				929C5DBB2A83848400C60623 /* AppDelegate.swift */,
				929C5DBD2A83848400C60623 /* SceneDelegate.swift */,
				929C5DBF2A83848400C60623 /* ViewController.swift */,
				929C5DC12A83848400C60623 /* Main.storyboard */,
				929C5DC42A83848800C60623 /* Assets.xcassets */,
				929C5DC62A83848800C60623 /* LaunchScreen.storyboard */,
				929C5DC92A83848800C60623 /* Info.plist */,
			);
			path = Almofire;
			sourceTree = "<group>";
		};
		929C5DD12A83848800C60623 /* AlmofireTests */ = {
			isa = PBXGroup;
			children = (
				929C5DD22A83848800C60623 /* AlmofireTests.swift */,
			);
			path = AlmofireTests;
			sourceTree = "<group>";
		};
		929C5DDB2A83848800C60623 /* AlmofireUITests */ = {
			isa = PBXGroup;
			children = (
				929C5DDC2A83848800C60623 /* AlmofireUITests.swift */,
				929C5DDE2A83848800C60623 /* AlmofireUITestsLaunchTests.swift */,
			);
			path = AlmofireUITests;
			sourceTree = "<group>";
		};
/* End PBXGroup section */

/* Begin PBXNativeTarget section */
		929C5DB72A83848400C60623 /* Almofire */ = {
			isa = PBXNativeTarget;
			buildConfigurationList = 929C5DE22A83848800C60623 /* Build configuration list for PBXNativeTarget "Almofire" */;
			buildPhases = (
				929C5DB42A83848400C60623 /* Sources */,
				929C5DB52A83848400C60623 /* Frameworks */,
				929C5DB62A83848400C60623 /* Resources */,
			);
			buildRules = (
			);
			dependencies = (
			);
			name = Almofire;
			productName = Almofire;
			productReference = 929C5DB82A83848400C60623 /* Almofire.app */;
			productType = "com.apple.product-type.application";
		};
		929C5DCD2A83848800C60623 /* AlmofireTests */ = {
			isa = PBXNativeTarget;
			buildConfigurationList = 929C5DE52A83848800C60623 /* Build configuration list for PBXNativeTarget "AlmofireTests" */;
			buildPhases = (
				929C5DCA2A83848800C60623 /* Sources */,
				929C5DCB2A83848800C60623 /* Frameworks */,
				929C5DCC2A83848800C60623 /* Resources */,
			);
			buildRules = (
			);
			dependencies = (
				929C5DD02A83848800C60623 /* PBXTargetDependency */,
			);
			name = AlmofireTests;
			productName = AlmofireTests;
			productReference = 929C5DCE2A83848800C60623 /* AlmofireTests.xctest */;
			productType = "com.apple.product-type.bundle.unit-test";
		};
		929C5DD72A83848800C60623 /* AlmofireUITests */ = {
			isa = PBXNativeTarget;
			buildConfigurationList = 929C5DE82A83848800C60623 /* Build configuration list for PBXNativeTarget "AlmofireUITests" */;
			buildPhases = (
				929C5DD42A83848800C60623 /* Sources */,
				929C5DD52A83848800C60623 /* Frameworks */,
				929C5DD62A83848800C60623 /* Resources */,
			);
			buildRules = (
			);
			dependencies = (
				929C5DDA2A83848800C60623 /* PBXTargetDependency */,
			);
			name = AlmofireUITests;
			productName = AlmofireUITests;
			productReference = 929C5DD82A83848800C60623 /* AlmofireUITests.xctest */;
			productType = "com.apple.product-type.bundle.ui-testing";
		};
/* End PBXNativeTarget section */

/* Begin PBXProject section */
		929C5DB02A83848400C60623 /* Project object */ = {
			isa = PBXProject;
			attributes = {
				BuildIndependentTargetsInParallel = 1;
				LastSwiftUpdateCheck = 1410;
				LastUpgradeCheck = 1410;
				TargetAttributes = {
					929C5DB72A83848400C60623 = {
						CreatedOnToolsVersion = 14.1;
					};
					929C5DCD2A83848800C60623 = {
						CreatedOnToolsVersion = 14.1;
						TestTargetID = 929C5DB72A83848400C60623;
					};
					929C5DD72A83848800C60623 = {
						CreatedOnToolsVersion = 14.1;
						TestTargetID = 929C5DB72A83848400C60623;
					};
				};
			};
			buildConfigurationList = 929C5DB32A83848400C60623 /* Build configuration list for PBXProject "Almofire" */;
			compatibilityVersion = "Xcode 14.0";
			developmentRegion = en;
			hasScannedForEncodings = 0;
			knownRegions = (
				en,
				Base,
			);
			mainGroup = 929C5DAF2A83848400C60623;
			productRefGroup = 929C5DB92A83848400C60623 /* Products */;
			projectDirPath = "";
			projectRoot = "";
			targets = (
				929C5DB72A83848400C60623 /* Almofire */,
				929C5DCD2A83848800C60623 /* AlmofireTests */,
				929C5DD72A83848800C60623 /* AlmofireUITests */,
			);
		};
/* End PBXProject section */

/* Begin PBXResourcesBuildPhase section */
		929C5DB62A83848400C60623 /* Resources */ = {
			isa = PBXResourcesBuildPhase;
			buildActionMask = 2147483647;
			files = (
				929C5DC82A83848800C60623 /* LaunchScreen.storyboard in Resources */,
				929C5DC52A83848800C60623 /* Assets.xcassets in Resources */,
				929C5DC32A83848400C60623 /* Main.storyboard in Resources */,
			);
			runOnlyForDeploymentPostprocessing = 0;
		};
		929C5DCC2A83848800C60623 /* Resources */ = {
			isa = PBXResourcesBuildPhase;
			buildActionMask = 2147483647;
			files = (
			);
			runOnlyForDeploymentPostprocessing = 0;
		};
		929C5DD62A83848800C60623 /* Resources */ = {
			isa = PBXResourcesBuildPhase;
			buildActionMask = 2147483647;
			files = (
			);
			runOnlyForDeploymentPostprocessing = 0;
		};
/* End PBXResourcesBuildPhase section */

/* Begin PBXSourcesBuildPhase section */
		929C5DB42A83848400C60623 /* Sources */ = {
			isa = PBXSourcesBuildPhase;
			buildActionMask = 2147483647;
			files = (
				929C5DC02A83848400C60623 /* ViewController.swift in Sources */,
				929C5DBC2A83848400C60623 /* AppDelegate.swift in Sources */,
				929C5DBE2A83848400C60623 /* SceneDelegate.swift in Sources */,
			);
			runOnlyForDeploymentPostprocessing = 0;
		};
		929C5DCA2A83848800C60623 /* Sources */ = {
			isa = PBXSourcesBuildPhase;
			buildActionMask = 2147483647;
			files = (
				929C5DD32A83848800C60623 /* AlmofireTests.swift in Sources */,
			);
			runOnlyForDeploymentPostprocessing = 0;
		};
		929C5DD42A83848800C60623 /* Sources */ = {
			isa = PBXSourcesBuildPhase;
			buildActionMask = 2147483647;
			files = (
				929C5DDF2A83848800C60623 /* AlmofireUITestsLaunchTests.swift in Sources */,
				929C5DDD2A83848800C60623 /* AlmofireUITests.swift in Sources */,
			);
			runOnlyForDeploymentPostprocessing = 0;
		};
/* End PBXSourcesBuildPhase section */

/* Begin PBXTargetDependency section */
		929C5DD02A83848800C60623 /* PBXTargetDependency */ = {
			isa = PBXTargetDependency;
			target = 929C5DB72A83848400C60623 /* Almofire */;
			targetProxy = 929C5DCF2A83848800C60623 /* PBXContainerItemProxy */;
		};
		929C5DDA2A83848800C60623 /* PBXTargetDependency */ = {
			isa = PBXTargetDependency;
			target = 929C5DB72A83848400C60623 /* Almofire */;
			targetProxy = 929C5DD92A83848800C60623 /* PBXContainerItemProxy */;
		};
/* End PBXTargetDependency section */

/* Begin PBXVariantGroup section */
		929C5DC12A83848400C60623 /* Main.storyboard */ = {
			isa = PBXVariantGroup;
			children = (
				929C5DC22A83848400C60623 /* Base */,
			);
			name = Main.storyboard;
			sourceTree = "<group>";
		};
		929C5DC62A83848800C60623 /* LaunchScreen.storyboard */ = {
			isa = PBXVariantGroup;
			children = (
				929C5DC72A83848800C60623 /* Base */,
			);
			name = LaunchScreen.storyboard;
			sourceTree = "<group>";
		};
/* End PBXVariantGroup section */

/* Begin XCBuildConfiguration section */
		929C5DE02A83848800C60623 /* Debug */ = {
			isa = XCBuildConfiguration;
			buildSettings = {
				ALWAYS_SEARCH_USER_PATHS = NO;
				CLANG_ANALYZER_NONNULL = YES;
				CLANG_ANALYZER_NUMBER_OBJECT_CONVERSION = YES_AGGRESSIVE;
				CLANG_CXX_LANGUAGE_STANDARD = "gnu++20";
				CLANG_ENABLE_MODULES = YES;
				CLANG_ENABLE_OBJC_ARC = YES;
				CLANG_ENABLE_OBJC_WEAK = YES;
				CLANG_WARN_BLOCK_CAPTURE_AUTORELEASING = YES;
				CLANG_WARN_BOOL_CONVERSION = YES;
				CLANG_WARN_COMMA = YES;
				CLANG_WARN_CONSTANT_CONVERSION = YES;
				CLANG_WARN_DEPRECATED_OBJC_IMPLEMENTATIONS = YES;
				CLANG_WARN_DIRECT_OBJC_ISA_USAGE = YES_ERROR;
				CLANG_WARN_DOCUMENTATION_COMMENTS = YES;
				CLANG_WARN_EMPTY_BODY = YES;
				CLANG_WARN_ENUM_CONVERSION = YES;
				CLANG_WARN_INFINITE_RECURSION = YES;
				CLANG_WARN_INT_CONVERSION = YES;
				CLANG_WARN_NON_LITERAL_NULL_CONVERSION = YES;
				CLANG_WARN_OBJC_IMPLICIT_RETAIN_SELF = YES;
				CLANG_WARN_OBJC_LITERAL_CONVERSION = YES;
				CLANG_WARN_OBJC_ROOT_CLASS = YES_ERROR;
				CLANG_WARN_QUOTED_INCLUDE_IN_FRAMEWORK_HEADER = YES;
				CLANG_WARN_RANGE_LOOP_ANALYSIS = YES;
				CLANG_WARN_STRICT_PROTOTYPES = YES;
				CLANG_WARN_SUSPICIOUS_MOVE = YES;
				CLANG_WARN_UNGUARDED_AVAILABILITY = YES_AGGRESSIVE;
				CLANG_WARN_UNREACHABLE_CODE = YES;
				CLANG_WARN__DUPLICATE_METHOD_MATCH = YES;
				COPY_PHASE_STRIP = NO;
				DEBUG_INFORMATION_FORMAT = dwarf;
				ENABLE_STRICT_OBJC_MSGSEND = YES;
				ENABLE_TESTABILITY = YES;
				GCC_C_LANGUAGE_STANDARD = gnu11;
				GCC_DYNAMIC_NO_PIC = NO;
				GCC_NO_COMMON_BLOCKS = YES;
				GCC_OPTIMIZATION_LEVEL = 0;
				GCC_PREPROCESSOR_DEFINITIONS = (
					"DEBUG=1",
					"$(inherited)",
				);
				GCC_WARN_64_TO_32_BIT_CONVERSION = YES;
				GCC_WARN_ABOUT_RETURN_TYPE = YES_ERROR;
				GCC_WARN_UNDECLARED_SELECTOR = YES;
				GCC_WARN_UNINITIALIZED_AUTOS = YES_AGGRESSIVE;
				GCC_WARN_UNUSED_FUNCTION = YES;
				GCC_WARN_UNUSED_VARIABLE = YES;
				IPHONEOS_DEPLOYMENT_TARGET = 16.1;
				MTL_ENABLE_DEBUG_INFO = INCLUDE_SOURCE;
				MTL_FAST_MATH = YES;
				ONLY_ACTIVE_ARCH = YES;
				SDKROOT = iphoneos;
				SWIFT_ACTIVE_COMPILATION_CONDITIONS = DEBUG;
				SWIFT_OPTIMIZATION_LEVEL = "-Onone";
			};
			name = Debug;
		};
		929C5DE12A83848800C60623 /* Release */ = {
			isa = XCBuildConfiguration;
			buildSettings = {
				ALWAYS_SEARCH_USER_PATHS = NO;
				CLANG_ANALYZER_NONNULL = YES;
				CLANG_ANALYZER_NUMBER_OBJECT_CONVERSION = YES_AGGRESSIVE;
				CLANG_CXX_LANGUAGE_STANDARD = "gnu++20";
				CLANG_ENABLE_MODULES = YES;
				CLANG_ENABLE_OBJC_ARC = YES;
				CLANG_ENABLE_OBJC_WEAK = YES;
				CLANG_WARN_BLOCK_CAPTURE_AUTORELEASING = YES;
				CLANG_WARN_BOOL_CONVERSION = YES;
				CLANG_WARN_COMMA = YES;
				CLANG_WARN_CONSTANT_CONVERSION = YES;
				CLANG_WARN_DEPRECATED_OBJC_IMPLEMENTATIONS = YES;
				CLANG_WARN_DIRECT_OBJC_ISA_USAGE = YES_ERROR;
				CLANG_WARN_DOCUMENTATION_COMMENTS = YES;
				CLANG_WARN_EMPTY_BODY = YES;
				CLANG_WARN_ENUM_CONVERSION = YES;
				CLANG_WARN_INFINITE_RECURSION = YES;
				CLANG_WARN_INT_CONVERSION = YES;
				CLANG_WARN_NON_LITERAL_NULL_CONVERSION = YES;
				CLANG_WARN_OBJC_IMPLICIT_RETAIN_SELF = YES;
				CLANG_WARN_OBJC_LITERAL_CONVERSION = YES;
				CLANG_WARN_OBJC_ROOT_CLASS = YES_ERROR;
				CLANG_WARN_QUOTED_INCLUDE_IN_FRAMEWORK_HEADER = YES;
				CLANG_WARN_RANGE_LOOP_ANALYSIS = YES;
				CLANG_WARN_STRICT_PROTOTYPES = YES;
				CLANG_WARN_SUSPICIOUS_MOVE = YES;
				CLANG_WARN_UNGUARDED_AVAILABILITY = YES_AGGRESSIVE;
				CLANG_WARN_UNREACHABLE_CODE = YES;
				CLANG_WARN__DUPLICATE_METHOD_MATCH = YES;
				COPY_PHASE_STRIP = NO;
				DEBUG_INFORMATION_FORMAT = "dwarf-with-dsym";
				ENABLE_NS_ASSERTIONS = NO;
				ENABLE_STRICT_OBJC_MSGSEND = YES;
				GCC_C_LANGUAGE_STANDARD = gnu11;
				GCC_NO_COMMON_BLOCKS = YES;
				GCC_WARN_64_TO_32_BIT_CONVERSION = YES;
				GCC_WARN_ABOUT_RETURN_TYPE = YES_ERROR;
				GCC_WARN_UNDECLARED_SELECTOR = YES;
				GCC_WARN_UNINITIALIZED_AUTOS = YES_AGGRESSIVE;
				GCC_WARN_UNUSED_FUNCTION = YES;
				GCC_WARN_UNUSED_VARIABLE = YES;
				IPHONEOS_DEPLOYMENT_TARGET = 16.1;
				MTL_ENABLE_DEBUG_INFO = NO;
				MTL_FAST_MATH = YES;
				SDKROOT = iphoneos;
				SWIFT_COMPILATION_MODE = wholemodule;
				SWIFT_OPTIMIZATION_LEVEL = "-O";
				VALIDATE_PRODUCT = YES;
			};
			name = Release;
		};
		929C5DE32A83848800C60623 /* Debug */ = {
			isa = XCBuildConfiguration;
			buildSettings = {
				ASSETCATALOG_COMPILER_APPICON_NAME = AppIcon;
				ASSETCATALOG_COMPILER_GLOBAL_ACCENT_COLOR_NAME = AccentColor;
				CODE_SIGN_STYLE = Automatic;
				CURRENT_PROJECT_VERSION = 1;
				GENERATE_INFOPLIST_FILE = YES;
				INFOPLIST_FILE = Almofire/Info.plist;
				INFOPLIST_KEY_UIApplicationSupportsIndirectInputEvents = YES;
				INFOPLIST_KEY_UILaunchStoryboardName = LaunchScreen;
				INFOPLIST_KEY_UIMainStoryboardFile = Main;
				INFOPLIST_KEY_UISupportedInterfaceOrientations_iPad = "UIInterfaceOrientationPortrait UIInterfaceOrientationPortraitUpsideDown UIInterfaceOrientationLandscapeLeft UIInterfaceOrientationLandscapeRight";
				INFOPLIST_KEY_UISupportedInterfaceOrientations_iPhone = "UIInterfaceOrientationPortrait UIInterfaceOrientationLandscapeLeft UIInterfaceOrientationLandscapeRight";
				LD_RUNPATH_SEARCH_PATHS = (
					"$(inherited)",
					"@executable_path/Frameworks",
				);
				MARKETING_VERSION = 1.0;
				PRODUCT_BUNDLE_IDENTIFIER = abc.test.Almofire;
				PRODUCT_NAME = "$(TARGET_NAME)";
				SWIFT_EMIT_LOC_STRINGS = YES;
				SWIFT_VERSION = 5.0;
				TARGETED_DEVICE_FAMILY = "1,2";
			};
			name = Debug;
		};
		929C5DE42A83848800C60623 /* Release */ = {
			isa = XCBuildConfiguration;
			buildSettings = {
				ASSETCATALOG_COMPILER_APPICON_NAME = AppIcon;
				ASSETCATALOG_COMPILER_GLOBAL_ACCENT_COLOR_NAME = AccentColor;
				CODE_SIGN_STYLE = Automatic;
				CURRENT_PROJECT_VERSION = 1;
				GENERATE_INFOPLIST_FILE = YES;
				INFOPLIST_FILE = Almofire/Info.plist;
				INFOPLIST_KEY_UIApplicationSupportsIndirectInputEvents = YES;
				INFOPLIST_KEY_UILaunchStoryboardName = LaunchScreen;
				INFOPLIST_KEY_UIMainStoryboardFile = Main;
				INFOPLIST_KEY_UISupportedInterfaceOrientations_iPad = "UIInterfaceOrientationPortrait UIInterfaceOrientationPortraitUpsideDown UIInterfaceOrientationLandscapeLeft UIInterfaceOrientationLandscapeRight";
				INFOPLIST_KEY_UISupportedInterfaceOrientations_iPhone = "UIInterfaceOrientationPortrait UIInterfaceOrientationLandscapeLeft UIInterfaceOrientationLandscapeRight";
				LD_RUNPATH_SEARCH_PATHS = (
					"$(inherited)",
					"@executable_path/Frameworks",
				);
				MARKETING_VERSION = 1.0;
				PRODUCT_BUNDLE_IDENTIFIER = abc.test.Almofire;
				PRODUCT_NAME = "$(TARGET_NAME)";
				SWIFT_EMIT_LOC_STRINGS = YES;
				SWIFT_VERSION = 5.0;
				TARGETED_DEVICE_FAMILY = "1,2";
			};
			name = Release;
		};
		929C5DE62A83848800C60623 /* Debug */ = {
			isa = XCBuildConfiguration;
			buildSettings = {
				ALWAYS_EMBED_SWIFT_STANDARD_LIBRARIES = YES;
				BUNDLE_LOADER = "$(TEST_HOST)";
				CODE_SIGN_STYLE = Automatic;
				CURRENT_PROJECT_VERSION = 1;
				GENERATE_INFOPLIST_FILE = YES;
				IPHONEOS_DEPLOYMENT_TARGET = 16.1;
				MARKETING_VERSION = 1.0;
				PRODUCT_BUNDLE_IDENTIFIER = abc.test.AlmofireTests;
				PRODUCT_NAME = "$(TARGET_NAME)";
				SWIFT_EMIT_LOC_STRINGS = NO;
				SWIFT_VERSION = 5.0;
				TARGETED_DEVICE_FAMILY = "1,2";
				TEST_HOST = "$(BUILT_PRODUCTS_DIR)/Almofire.app/$(BUNDLE_EXECUTABLE_FOLDER_PATH)/Almofire";
			};
			name = Debug;
		};
		929C5DE72A83848800C60623 /* Release */ = {
			isa = XCBuildConfiguration;
			buildSettings = {
				ALWAYS_EMBED_SWIFT_STANDARD_LIBRARIES = YES;
				BUNDLE_LOADER = "$(TEST_HOST)";
				CODE_SIGN_STYLE = Automatic;
				CURRENT_PROJECT_VERSION = 1;
				GENERATE_INFOPLIST_FILE = YES;
				IPHONEOS_DEPLOYMENT_TARGET = 16.1;
				MARKETING_VERSION = 1.0;
				PRODUCT_BUNDLE_IDENTIFIER = abc.test.AlmofireTests;
				PRODUCT_NAME = "$(TARGET_NAME)";
				SWIFT_EMIT_LOC_STRINGS = NO;
				SWIFT_VERSION = 5.0;
				TARGETED_DEVICE_FAMILY = "1,2";
				TEST_HOST = "$(BUILT_PRODUCTS_DIR)/Almofire.app/$(BUNDLE_EXECUTABLE_FOLDER_PATH)/Almofire";
			};
			name = Release;
		};
		929C5DE92A83848800C60623 /* Debug */ = {
			isa = XCBuildConfiguration;
			buildSettings = {
				ALWAYS_EMBED_SWIFT_STANDARD_LIBRARIES = YES;
				CODE_SIGN_STYLE = Automatic;
				CURRENT_PROJECT_VERSION = 1;
				GENERATE_INFOPLIST_FILE = YES;
				MARKETING_VERSION = 1.0;
				PRODUCT_BUNDLE_IDENTIFIER = abc.test.AlmofireUITests;
				PRODUCT_NAME = "$(TARGET_NAME)";
				SWIFT_EMIT_LOC_STRINGS = NO;
				SWIFT_VERSION = 5.0;
				TARGETED_DEVICE_FAMILY = "1,2";
				TEST_TARGET_NAME = Almofire;
			};
			name = Debug;
		};
		929C5DEA2A83848800C60623 /* Release */ = {
			isa = XCBuildConfiguration;
			buildSettings = {
				ALWAYS_EMBED_SWIFT_STANDARD_LIBRARIES = YES;
				CODE_SIGN_STYLE = Automatic;
				CURRENT_PROJECT_VERSION = 1;
				GENERATE_INFOPLIST_FILE = YES;
				MARKETING_VERSION = 1.0;
				PRODUCT_BUNDLE_IDENTIFIER = abc.test.AlmofireUITests;
				PRODUCT_NAME = "$(TARGET_NAME)";
				SWIFT_EMIT_LOC_STRINGS = NO;
				SWIFT_VERSION = 5.0;
				TARGETED_DEVICE_FAMILY = "1,2";
				TEST_TARGET_NAME = Almofire;
			};
			name = Release;
		};
/* End XCBuildConfiguration section */

/* Begin XCConfigurationList section */
		929C5DB32A83848400C60623 /* Build configuration list for PBXProject "Almofire" */ = {
			isa = XCConfigurationList;
			buildConfigurations = (
				929C5DE02A83848800C60623 /* Debug */,
				929C5DE12A83848800C60623 /* Release */,
			);
			defaultConfigurationIsVisible = 0;
			defaultConfigurationName = Release;
		};
		929C5DE22A83848800C60623 /* Build configuration list for PBXNativeTarget "Almofire" */ = {
			isa = XCConfigurationList;
			buildConfigurations = (
				929C5DE32A83848800C60623 /* Debug */,
				929C5DE42A83848800C60623 /* Release */,
			);
			defaultConfigurationIsVisible = 0;
			defaultConfigurationName = Release;
		};
		929C5DE52A83848800C60623 /* Build configuration list for PBXNativeTarget "AlmofireTests" */ = {
			isa = XCConfigurationList;
			buildConfigurations = (
				929C5DE62A83848800C60623 /* Debug */,
				929C5DE72A83848800C60623 /* Release */,
			);
			defaultConfigurationIsVisible = 0;
			defaultConfigurationName = Release;
		};
		929C5DE82A83848800C60623 /* Build configuration list for PBXNativeTarget "AlmofireUITests" */ = {
			isa = XCConfigurationList;
			buildConfigurations = (
				929C5DE92A83848800C60623 /* Debug */,
				929C5DEA2A83848800C60623 /* Release */,
			);
			defaultConfigurationIsVisible = 0;
			defaultConfigurationName = Release;
		};
/* End XCConfigurationList section */
	};
	rootObject = 929C5DB02A83848400C60623 /* Project object */;
}
